
Microsoft Visual Studio Solution File, Format Version 12.00
# Visual Studio Version 17
VisualStudioVersion = 17.7.34009.444
MinimumVisualStudioVersion = 10.0.40219.1
Project("{9092AA53-FB77-4645-B42D-1CCCA6BD08BD}") = "react-refresher", "react-refresher.njsproj", "{F91B60E5-D2A7-43C0-8CCC-BB5CFB0B8259}"
EndProject
Global
	GlobalSection(SolutionConfigurationPlatforms) = preSolution
		Debug|Any CPU = Debug|Any CPU
		Release|Any CPU = Release|Any CPU
	EndGlobalSection
	GlobalSection(ProjectConfigurationPlatforms) = postSolution
		{F91B60E5-D2A7-43C0-8CCC-BB5CFB0B8259}.Debug|Any CPU.ActiveCfg = Debug|Any CPU
		{F91B60E5-D2A7-43C0-8CCC-BB5CFB0B8259}.Debug|Any CPU.Build.0 = Debug|Any CPU
		{F91B60E5-D2A7-43C0-8CCC-BB5CFB0B8259}.Release|Any CPU.ActiveCfg = Release|Any CPU
		{F91B60E5-D2A7-43C0-8CCC-BB5CFB0B8259}.Release|Any CPU.Build.0 = Release|Any CPU
	EndGlobalSection
	GlobalSection(SolutionProperties) = preSolution
		HideSolutionNode = FALSE
	EndGlobalSection
	GlobalSection(ExtensibilityGlobals) = postSolution
		SolutionGuid = {E9B0BF99-7826-4A33-B3EB-CF85FF7658F9}
	EndGlobalSection
EndGlobal
